
Microsoft Visual Studio Solution File, Format Version 12.00
# Visual Studio Version 17
VisualStudioVersion = 17.0.31903.59
MinimumVisualStudioVersion = 10.0.40219.1
Project("{2150E333-8FDC-42A3-9474-1A3956D46DE8}") = "src", "src", "{827E0CD3-B72D-47B6-A68D-7590B98EB39B}"
EndProject
Project("{2150E333-8FDC-42A3-9474-1A3956D46DE8}") = "shared", "shared", "{C8E42992-5E42-0C2B-DBFE-AA848D06431C}"
EndProject
Project("{FAE04EC0-301F-11D3-BF4B-00C04F79EFBC}") = "ECommerce.Contracts", "src\shared\ECommerce.Contracts\ECommerce.Contracts.csproj", "{349E85F2-E2A8-4721-9019-45F1A333DC24}"
EndProject
Project("{2150E333-8FDC-42A3-9474-1A3956D46DE8}") = "services", "services", "{984BB9B3-3FA3-BE33-9484-CAC21695A33C}"
EndProject
Project("{2150E333-8FDC-42A3-9474-1A3956D46DE8}") = "Identity", "Identity", "{1BFC9479-12BF-35C3-06B8-42D89D95092B}"
EndProject
Project("{FAE04EC0-301F-11D3-BF4B-00C04F79EFBC}") = "Identity.Domain", "src\services\Identity\Identity.Domain\Identity.Domain.csproj", "{5A439877-F07B-4676-8565-0055C7CC4946}"
EndProject
Project("{FAE04EC0-301F-11D3-BF4B-00C04F79EFBC}") = "Identity.Application", "src\services\Identity\Identity.Application\Identity.Application.csproj", "{08D51BC1-8D78-43F3-8E4C-470BC200141B}"
EndProject
Project("{FAE04EC0-301F-11D3-BF4B-00C04F79EFBC}") = "Identity.Infrastructure", "src\services\Identity\Identity.Infrastructure\Identity.Infrastructure.csproj", "{4FC907BA-7B57-4026-B975-E6E1BD798588}"
EndProject
Project("{FAE04EC0-301F-11D3-BF4B-00C04F79EFBC}") = "Identity.Api", "src\services\Identity\Identity.Api\Identity.Api.csproj", "{DF93AF3A-A345-4C7F-BEDD-55D53DE03835}"
EndProject
Project("{2150E333-8FDC-42A3-9474-1A3956D46DE8}") = "Catalog", "Catalog", "{C91C1CF1-1625-0789-F869-53D87D6277BA}"
EndProject
Project("{FAE04EC0-301F-11D3-BF4B-00C04F79EFBC}") = "Catalog.Domain", "src\services\Catalog\Catalog.Domain\Catalog.Domain.csproj", "{9CE2E06D-697E-465E-8432-6CED0920FDAE}"
EndProject
Project("{FAE04EC0-301F-11D3-BF4B-00C04F79EFBC}") = "Catalog.Application", "src\services\Catalog\Catalog.Application\Catalog.Application.csproj", "{8C87D824-BDED-43DB-9DED-3120046191BA}"
EndProject
Project("{FAE04EC0-301F-11D3-BF4B-00C04F79EFBC}") = "Catalog.Infrastructure", "src\services\Catalog\Catalog.Infrastructure\Catalog.Infrastructure.csproj", "{B11F13CB-A6C9-4F3F-8918-73CDF35651BB}"
EndProject
Project("{FAE04EC0-301F-11D3-BF4B-00C04F79EFBC}") = "Catalog.Api", "src\services\Catalog\Catalog.Api\Catalog.Api.csproj", "{43F355F3-7683-44A9-BBAA-D161E54A9D59}"
EndProject
Project("{2150E333-8FDC-42A3-9474-1A3956D46DE8}") = "Orders", "Orders", "{53A5E032-9A5F-5C5F-4C24-3FD98F4CF9B3}"
EndProject
Project("{FAE04EC0-301F-11D3-BF4B-00C04F79EFBC}") = "Orders.Domain", "src\services\Orders\Orders.Domain\Orders.Domain.csproj", "{B3FD3CFB-F811-4ABF-9B59-00788F0C0D33}"
EndProject
Project("{FAE04EC0-301F-11D3-BF4B-00C04F79EFBC}") = "Orders.Application", "src\services\Orders\Orders.Application\Orders.Application.csproj", "{B0401E1C-DB28-4B6E-9E87-8E1037CAC702}"
EndProject
Project("{FAE04EC0-301F-11D3-BF4B-00C04F79EFBC}") = "Orders.Infrastructure", "src\services\Orders\Orders.Infrastructure\Orders.Infrastructure.csproj", "{F16BE776-8DD6-4C8D-8F49-B5FFFD5A2CC7}"
EndProject
Project("{FAE04EC0-301F-11D3-BF4B-00C04F79EFBC}") = "Orders.Api", "src\services\Orders\Orders.Api\Orders.Api.csproj", "{D5E88B0E-8BE5-422B-9238-24DED550C052}"
EndProject
Project("{2150E333-8FDC-42A3-9474-1A3956D46DE8}") = "Inventory", "Inventory", "{CA15E31E-CB60-F235-5CDF-2E527A86A72C}"
EndProject
Project("{FAE04EC0-301F-11D3-BF4B-00C04F79EFBC}") = "Inventory.Domain", "src\services\Inventory\Inventory.Domain\Inventory.Domain.csproj", "{577B9508-F303-4A6C-A55E-DDE695668DE9}"
EndProject
Project("{FAE04EC0-301F-11D3-BF4B-00C04F79EFBC}") = "Inventory.Application", "src\services\Inventory\Inventory.Application\Inventory.Application.csproj", "{5DE69222-B5BF-4C28-B81F-AAA4359D8E56}"
EndProject
Project("{FAE04EC0-301F-11D3-BF4B-00C04F79EFBC}") = "Inventory.Infrastructure", "src\services\Inventory\Inventory.Infrastructure\Inventory.Infrastructure.csproj", "{2490944A-9B96-4A7A-BCD7-3750CA3534EC}"
EndProject
Project("{FAE04EC0-301F-11D3-BF4B-00C04F79EFBC}") = "Inventory.Api", "src\services\Inventory\Inventory.Api\Inventory.Api.csproj", "{8097BABA-5956-419A-A609-100791A4E744}"
EndProject
Project("{2150E333-8FDC-42A3-9474-1A3956D46DE8}") = "Payments", "Payments", "{5D0AC027-C8EE-3244-A029-36278C99F1B8}"
EndProject
Project("{FAE04EC0-301F-11D3-BF4B-00C04F79EFBC}") = "Payments.Domain", "src\services\Payments\Payments.Domain\Payments.Domain.csproj", "{76D7A155-4E64-4F37-BC21-4FA745143F88}"
EndProject
Project("{FAE04EC0-301F-11D3-BF4B-00C04F79EFBC}") = "Payments.Application", "src\services\Payments\Payments.Application\Payments.Application.csproj", "{50DC4AFB-EED0-460F-B74B-34BC5DDF43D3}"
EndProject
Project("{FAE04EC0-301F-11D3-BF4B-00C04F79EFBC}") = "Payments.Infrastructure", "src\services\Payments\Payments.Infrastructure\Payments.Infrastructure.csproj", "{6DDBE54F-013D-4843-B59A-0D3A51AECD65}"
EndProject
Project("{FAE04EC0-301F-11D3-BF4B-00C04F79EFBC}") = "Payments.Api", "src\services\Payments\Payments.Api\Payments.Api.csproj", "{EB8FD229-1ECC-45D3-80B1-329083F6E4E5}"
EndProject
Project("{2150E333-8FDC-42A3-9474-1A3956D46DE8}") = "Notifications", "Notifications", "{40B59F69-022F-A9EE-E3B7-096C1E81294B}"
EndProject
Project("{FAE04EC0-301F-11D3-BF4B-00C04F79EFBC}") = "Notifications.Domain", "src\services\Notifications\Notifications.Domain\Notifications.Domain.csproj", "{B51F2C85-2627-4F85-8841-13C37936F6AB}"
EndProject
Project("{FAE04EC0-301F-11D3-BF4B-00C04F79EFBC}") = "Notifications.Application", "src\services\Notifications\Notifications.Application\Notifications.Application.csproj", "{53295770-B65C-4718-9F38-CA5D74B17FEC}"
EndProject
Project("{FAE04EC0-301F-11D3-BF4B-00C04F79EFBC}") = "Notifications.Infrastructure", "src\services\Notifications\Notifications.Infrastructure\Notifications.Infrastructure.csproj", "{820F8D86-0F87-4A03-A509-C03BEDC3D7F3}"
EndProject
Project("{FAE04EC0-301F-11D3-BF4B-00C04F79EFBC}") = "Notifications.Api", "src\services\Notifications\Notifications.Api\Notifications.Api.csproj", "{599C2A23-3753-4690-938E-0B3A02EC9888}"
EndProject
Project("{2150E333-8FDC-42A3-9474-1A3956D46DE8}") = "Gateway", "Gateway", "{40D82F4B-B633-3F95-724A-860306E6F4AA}"
EndProject
Project("{FAE04EC0-301F-11D3-BF4B-00C04F79EFBC}") = "Gateway.Api", "src\services\Gateway\Gateway.Api\Gateway.Api.csproj", "{4E989C07-CFBA-4317-B6E8-D2092DA8F5AD}"
EndProject
Project("{2150E333-8FDC-42A3-9474-1A3956D46DE8}") = "tests", "tests", "{0AB3BF05-4346-4AA6-1389-037BE0695223}"
EndProject
Project("{FAE04EC0-301F-11D3-BF4B-00C04F79EFBC}") = "Identity.Tests", "tests\Identity.Tests\Identity.Tests.csproj", "{6907C203-5938-40A7-AADD-F8E61C1D762B}"
EndProject
Project("{FAE04EC0-301F-11D3-BF4B-00C04F79EFBC}") = "Catalog.Tests", "tests\Catalog.Tests\Catalog.Tests.csproj", "{AE72D3DF-1990-4AE4-B29D-CBACC938B939}"
EndProject
Project("{FAE04EC0-301F-11D3-BF4B-00C04F79EFBC}") = "Orders.Tests", "tests\Orders.Tests\Orders.Tests.csproj", "{6E315266-F28C-4705-BD52-A4867EA9C029}"
EndProject
Project("{FAE04EC0-301F-11D3-BF4B-00C04F79EFBC}") = "Inventory.Tests", "tests\Inventory.Tests\Inventory.Tests.csproj", "{A7E356AE-928E-4FDC-8132-1BDF7754E00F}"
EndProject
Project("{FAE04EC0-301F-11D3-BF4B-00C04F79EFBC}") = "Payments.Tests", "tests\Payments.Tests\Payments.Tests.csproj", "{EEFB15B7-4076-479A-88E3-D215D3693692}"
EndProject
Project("{FAE04EC0-301F-11D3-BF4B-00C04F79EFBC}") = "Notifications.Tests", "tests\Notifications.Tests\Notifications.Tests.csproj", "{3BFFB4C0-56B1-4184-BE1E-A21CE909B09A}"
EndProject
Project("{2150E333-8FDC-42A3-9474-1A3956D46DE8}") = "IntegrationTests", "IntegrationTests", "{30785934-E017-5D9F-2777-3D61460A5281}"
EndProject
Project("{FAE04EC0-301F-11D3-BF4B-00C04F79EFBC}") = "IntegrationTests.Shared", "tests\IntegrationTests\IntegrationTests.Shared\IntegrationTests.Shared.csproj", "{12E76E15-4FD2-4112-899B-AB80BDF704DF}"
EndProject
Project("{FAE04EC0-301F-11D3-BF4B-00C04F79EFBC}") = "Identity.IntegrationTests", "tests\IntegrationTests\Identity.IntegrationTests\Identity.IntegrationTests.csproj", "{10765B7E-154D-4D23-93AD-9C3E6A1959A0}"
EndProject
Project("{FAE04EC0-301F-11D3-BF4B-00C04F79EFBC}") = "Catalog.IntegrationTests", "tests\IntegrationTests\Catalog.IntegrationTests\Catalog.IntegrationTests.csproj", "{F6713E4A-819F-4C9A-A9B2-47601C02612C}"
EndProject
Project("{FAE04EC0-301F-11D3-BF4B-00C04F79EFBC}") = "Orders.IntegrationTests", "tests\IntegrationTests\Orders.IntegrationTests\Orders.IntegrationTests.csproj", "{88376049-9B68-4CA8-8A47-49988CB4CDB8}"
EndProject
Project("{FAE04EC0-301F-11D3-BF4B-00C04F79EFBC}") = "Inventory.IntegrationTests", "tests\IntegrationTests\Inventory.IntegrationTests\Inventory.IntegrationTests.csproj", "{8F5BD818-55C6-4A98-986F-DF3CF240FB9C}"
EndProject
Project("{FAE04EC0-301F-11D3-BF4B-00C04F79EFBC}") = "Payments.IntegrationTests", "tests\IntegrationTests\Payments.IntegrationTests\Payments.IntegrationTests.csproj", "{6285817D-9548-48FB-AA80-FBA86851AAEF}"
EndProject
Project("{FAE04EC0-301F-11D3-BF4B-00C04F79EFBC}") = "Notifications.IntegrationTests", "tests\IntegrationTests\Notifications.IntegrationTests\Notifications.IntegrationTests.csproj", "{6749FB40-849A-48D4-8CB0-BACF95394172}"
EndProject
Project("{FAE04EC0-301F-11D3-BF4B-00C04F79EFBC}") = "Saga.IntegrationTests", "tests\IntegrationTests\Saga.IntegrationTests\Saga.IntegrationTests.csproj", "{83C7F2B6-2881-47CF-B543-7DFCDC4E93C1}"
EndProject
Project("{FAE04EC0-301F-11D3-BF4B-00C04F79EFBC}") = "ECommerce.Observability", "src\shared\ECommerce.Observability\ECommerce.Observability.csproj", "{63DEE00D-AB68-42E4-83F1-63EB84E7A94C}"
EndProject
Global
	GlobalSection(SolutionConfigurationPlatforms) = preSolution
		Debug|Any CPU = Debug|Any CPU
		Debug|x64 = Debug|x64
		Debug|x86 = Debug|x86
		Release|Any CPU = Release|Any CPU
		Release|x64 = Release|x64
		Release|x86 = Release|x86
	EndGlobalSection
	GlobalSection(ProjectConfigurationPlatforms) = postSolution
		{349E85F2-E2A8-4721-9019-45F1A333DC24}.Debug|Any CPU.ActiveCfg = Debug|Any CPU
		{349E85F2-E2A8-4721-9019-45F1A333DC24}.Debug|Any CPU.Build.0 = Debug|Any CPU
		{349E85F2-E2A8-4721-9019-45F1A333DC24}.Debug|x64.ActiveCfg = Debug|Any CPU
		{349E85F2-E2A8-4721-9019-45F1A333DC24}.Debug|x64.Build.0 = Debug|Any CPU
		{349E85F2-E2A8-4721-9019-45F1A333DC24}.Debug|x86.ActiveCfg = Debug|Any CPU
		{349E85F2-E2A8-4721-9019-45F1A333DC24}.Debug|x86.Build.0 = Debug|Any CPU
		{349E85F2-E2A8-4721-9019-45F1A333DC24}.Release|Any CPU.ActiveCfg = Release|Any CPU
		{349E85F2-E2A8-4721-9019-45F1A333DC24}.Release|Any CPU.Build.0 = Release|Any CPU
		{349E85F2-E2A8-4721-9019-45F1A333DC24}.Release|x64.ActiveCfg = Release|Any CPU
		{349E85F2-E2A8-4721-9019-45F1A333DC24}.Release|x64.Build.0 = Release|Any CPU
		{349E85F2-E2A8-4721-9019-45F1A333DC24}.Release|x86.ActiveCfg = Release|Any CPU
		{349E85F2-E2A8-4721-9019-45F1A333DC24}.Release|x86.Build.0 = Release|Any CPU
		{5A439877-F07B-4676-8565-0055C7CC4946}.Debug|Any CPU.ActiveCfg = Debug|Any CPU
		{5A439877-F07B-4676-8565-0055C7CC4946}.Debug|Any CPU.Build.0 = Debug|Any CPU
		{5A439877-F07B-4676-8565-0055C7CC4946}.Debug|x64.ActiveCfg = Debug|Any CPU
		{5A439877-F07B-4676-8565-0055C7CC4946}.Debug|x64.Build.0 = Debug|Any CPU
		{5A439877-F07B-4676-8565-0055C7CC4946}.Debug|x86.ActiveCfg = Debug|Any CPU
		{5A439877-F07B-4676-8565-0055C7CC4946}.Debug|x86.Build.0 = Debug|Any CPU
		{5A439877-F07B-4676-8565-0055C7CC4946}.Release|Any CPU.ActiveCfg = Release|Any CPU
		{5A439877-F07B-4676-8565-0055C7CC4946}.Release|Any CPU.Build.0 = Release|Any CPU
		{5A439877-F07B-4676-8565-0055C7CC4946}.Release|x64.ActiveCfg = Release|Any CPU
		{5A439877-F07B-4676-8565-0055C7CC4946}.Release|x64.Build.0 = Release|Any CPU
		{5A439877-F07B-4676-8565-0055C7CC4946}.Release|x86.ActiveCfg = Release|Any CPU
		{5A439877-F07B-4676-8565-0055C7CC4946}.Release|x86.Build.0 = Release|Any CPU
		{08D51BC1-8D78-43F3-8E4C-470BC200141B}.Debug|Any CPU.ActiveCfg = Debug|Any CPU
		{08D51BC1-8D78-43F3-8E4C-470BC200141B}.Debug|Any CPU.Build.0 = Debug|Any CPU
		{08D51BC1-8D78-43F3-8E4C-470BC200141B}.Debug|x64.ActiveCfg = Debug|Any CPU
		{08D51BC1-8D78-43F3-8E4C-470BC200141B}.Debug|x64.Build.0 = Debug|Any CPU
		{08D51BC1-8D78-43F3-8E4C-470BC200141B}.Debug|x86.ActiveCfg = Debug|Any CPU
		{08D51BC1-8D78-43F3-8E4C-470BC200141B}.Debug|x86.Build.0 = Debug|Any CPU
		{08D51BC1-8D78-43F3-8E4C-470BC200141B}.Release|Any CPU.ActiveCfg = Release|Any CPU
		{08D51BC1-8D78-43F3-8E4C-470BC200141B}.Release|Any CPU.Build.0 = Release|Any CPU
		{08D51BC1-8D78-43F3-8E4C-470BC200141B}.Release|x64.ActiveCfg = Release|Any CPU
		{08D51BC1-8D78-43F3-8E4C-470BC200141B}.Release|x64.Build.0 = Release|Any CPU
		{08D51BC1-8D78-43F3-8E4C-470BC200141B}.Release|x86.ActiveCfg = Release|Any CPU
		{08D51BC1-8D78-43F3-8E4C-470BC200141B}.Release|x86.Build.0 = Release|Any CPU
		{4FC907BA-7B57-4026-B975-E6E1BD798588}.Debug|Any CPU.ActiveCfg = Debug|Any CPU
		{4FC907BA-7B57-4026-B975-E6E1BD798588}.Debug|Any CPU.Build.0 = Debug|Any CPU
		{4FC907BA-7B57-4026-B975-E6E1BD798588}.Debug|x64.ActiveCfg = Debug|Any CPU
		{4FC907BA-7B57-4026-B975-E6E1BD798588}.Debug|x64.Build.0 = Debug|Any CPU
		{4FC907BA-7B57-4026-B975-E6E1BD798588}.Debug|x86.ActiveCfg = Debug|Any CPU
		{4FC907BA-7B57-4026-B975-E6E1BD798588}.Debug|x86.Build.0 = Debug|Any CPU
		{4FC907BA-7B57-4026-B975-E6E1BD798588}.Release|Any CPU.ActiveCfg = Release|Any CPU
		{4FC907BA-7B57-4026-B975-E6E1BD798588}.Release|Any CPU.Build.0 = Release|Any CPU
		{4FC907BA-7B57-4026-B975-E6E1BD798588}.Release|x64.ActiveCfg = Release|Any CPU
		{4FC907BA-7B57-4026-B975-E6E1BD798588}.Release|x64.Build.0 = Release|Any CPU
		{4FC907BA-7B57-4026-B975-E6E1BD798588}.Release|x86.ActiveCfg = Release|Any CPU
		{4FC907BA-7B57-4026-B975-E6E1BD798588}.Release|x86.Build.0 = Release|Any CPU
		{DF93AF3A-A345-4C7F-BEDD-55D53DE03835}.Debug|Any CPU.ActiveCfg = Debug|Any CPU
		{DF93AF3A-A345-4C7F-BEDD-55D53DE03835}.Debug|Any CPU.Build.0 = Debug|Any CPU
		{DF93AF3A-A345-4C7F-BEDD-55D53DE03835}.Debug|x64.ActiveCfg = Debug|Any CPU
		{DF93AF3A-A345-4C7F-BEDD-55D53DE03835}.Debug|x64.Build.0 = Debug|Any CPU
		{DF93AF3A-A345-4C7F-BEDD-55D53DE03835}.Debug|x86.ActiveCfg = Debug|Any CPU
		{DF93AF3A-A345-4C7F-BEDD-55D53DE03835}.Debug|x86.Build.0 = Debug|Any CPU
		{DF93AF3A-A345-4C7F-BEDD-55D53DE03835}.Release|Any CPU.ActiveCfg = Release|Any CPU
		{DF93AF3A-A345-4C7F-BEDD-55D53DE03835}.Release|Any CPU.Build.0 = Release|Any CPU
		{DF93AF3A-A345-4C7F-BEDD-55D53DE03835}.Release|x64.ActiveCfg = Release|Any CPU
		{DF93AF3A-A345-4C7F-BEDD-55D53DE03835}.Release|x64.Build.0 = Release|Any CPU
		{DF93AF3A-A345-4C7F-BEDD-55D53DE03835}.Release|x86.ActiveCfg = Release|Any CPU
		{DF93AF3A-A345-4C7F-BEDD-55D53DE03835}.Release|x86.Build.0 = Release|Any CPU
		{9CE2E06D-697E-465E-8432-6CED0920FDAE}.Debug|Any CPU.ActiveCfg = Debug|Any CPU
		{9CE2E06D-697E-465E-8432-6CED0920FDAE}.Debug|Any CPU.Build.0 = Debug|Any CPU
		{9CE2E06D-697E-465E-8432-6CED0920FDAE}.Debug|x64.ActiveCfg = Debug|Any CPU
		{9CE2E06D-697E-465E-8432-6CED0920FDAE}.Debug|x64.Build.0 = Debug|Any CPU
		{9CE2E06D-697E-465E-8432-6CED0920FDAE}.Debug|x86.ActiveCfg = Debug|Any CPU
		{9CE2E06D-697E-465E-8432-6CED0920FDAE}.Debug|x86.Build.0 = Debug|Any CPU
		{9CE2E06D-697E-465E-8432-6CED0920FDAE}.Release|Any CPU.ActiveCfg = Release|Any CPU
		{9CE2E06D-697E-465E-8432-6CED0920FDAE}.Release|Any CPU.Build.0 = Release|Any CPU
		{9CE2E06D-697E-465E-8432-6CED0920FDAE}.Release|x64.ActiveCfg = Release|Any CPU
		{9CE2E06D-697E-465E-8432-6CED0920FDAE}.Release|x64.Build.0 = Release|Any CPU
		{9CE2E06D-697E-465E-8432-6CED0920FDAE}.Release|x86.ActiveCfg = Release|Any CPU
		{9CE2E06D-697E-465E-8432-6CED0920FDAE}.Release|x86.Build.0 = Release|Any CPU
		{8C87D824-BDED-43DB-9DED-3120046191BA}.Debug|Any CPU.ActiveCfg = Debug|Any CPU
		{8C87D824-BDED-43DB-9DED-3120046191BA}.Debug|Any CPU.Build.0 = Debug|Any CPU
		{8C87D824-BDED-43DB-9DED-3120046191BA}.Debug|x64.ActiveCfg = Debug|Any CPU
		{8C87D824-BDED-43DB-9DED-3120046191BA}.Debug|x64.Build.0 = Debug|Any CPU
		{8C87D824-BDED-43DB-9DED-3120046191BA}.Debug|x86.ActiveCfg = Debug|Any CPU
		{8C87D824-BDED-43DB-9DED-3120046191BA}.Debug|x86.Build.0 = Debug|Any CPU
		{8C87D824-BDED-43DB-9DED-3120046191BA}.Release|Any CPU.ActiveCfg = Release|Any CPU
		{8C87D824-BDED-43DB-9DED-3120046191BA}.Release|Any CPU.Build.0 = Release|Any CPU
		{8C87D824-BDED-43DB-9DED-3120046191BA}.Release|x64.ActiveCfg = Release|Any CPU
		{8C87D824-BDED-43DB-9DED-3120046191BA}.Release|x64.Build.0 = Release|Any CPU
		{8C87D824-BDED-43DB-9DED-3120046191BA}.Release|x86.ActiveCfg = Release|Any CPU
		{8C87D824-BDED-43DB-9DED-3120046191BA}.Release|x86.Build.0 = Release|Any CPU
		{B11F13CB-A6C9-4F3F-8918-73CDF35651BB}.Debug|Any CPU.ActiveCfg = Debug|Any CPU
		{B11F13CB-A6C9-4F3F-8918-73CDF35651BB}.Debug|Any CPU.Build.0 = Debug|Any CPU
		{B11F13CB-A6C9-4F3F-8918-73CDF35651BB}.Debug|x64.ActiveCfg = Debug|Any CPU
		{B11F13CB-A6C9-4F3F-8918-73CDF35651BB}.Debug|x64.Build.0 = Debug|Any CPU
		{B11F13CB-A6C9-4F3F-8918-73CDF35651BB}.Debug|x86.ActiveCfg = Debug|Any CPU
		{B11F13CB-A6C9-4F3F-8918-73CDF35651BB}.Debug|x86.Build.0 = Debug|Any CPU
		{B11F13CB-A6C9-4F3F-8918-73CDF35651BB}.Release|Any CPU.ActiveCfg = Release|Any CPU
		{B11F13CB-A6C9-4F3F-8918-73CDF35651BB}.Release|Any CPU.Build.0 = Release|Any CPU
		{B11F13CB-A6C9-4F3F-8918-73CDF35651BB}.Release|x64.ActiveCfg = Release|Any CPU
		{B11F13CB-A6C9-4F3F-8918-73CDF35651BB}.Release|x64.Build.0 = Release|Any CPU
		{B11F13CB-A6C9-4F3F-8918-73CDF35651BB}.Release|x86.ActiveCfg = Release|Any CPU
		{B11F13CB-A6C9-4F3F-8918-73CDF35651BB}.Release|x86.Build.0 = Release|Any CPU
		{43F355F3-7683-44A9-BBAA-D161E54A9D59}.Debug|Any CPU.ActiveCfg = Debug|Any CPU
		{43F355F3-7683-44A9-BBAA-D161E54A9D59}.Debug|Any CPU.Build.0 = Debug|Any CPU
		{43F355F3-7683-44A9-BBAA-D161E54A9D59}.Debug|x64.ActiveCfg = Debug|Any CPU
		{43F355F3-7683-44A9-BBAA-D161E54A9D59}.Debug|x64.Build.0 = Debug|Any CPU
		{43F355F3-7683-44A9-BBAA-D161E54A9D59}.Debug|x86.ActiveCfg = Debug|Any CPU
		{43F355F3-7683-44A9-BBAA-D161E54A9D59}.Debug|x86.Build.0 = Debug|Any CPU
		{43F355F3-7683-44A9-BBAA-D161E54A9D59}.Release|Any CPU.ActiveCfg = Release|Any CPU
		{43F355F3-7683-44A9-BBAA-D161E54A9D59}.Release|Any CPU.Build.0 = Release|Any CPU
		{43F355F3-7683-44A9-BBAA-D161E54A9D59}.Release|x64.ActiveCfg = Release|Any CPU
		{43F355F3-7683-44A9-BBAA-D161E54A9D59}.Release|x64.Build.0 = Release|Any CPU
		{43F355F3-7683-44A9-BBAA-D161E54A9D59}.Release|x86.ActiveCfg = Release|Any CPU
		{43F355F3-7683-44A9-BBAA-D161E54A9D59}.Release|x86.Build.0 = Release|Any CPU
		{B3FD3CFB-F811-4ABF-9B59-00788F0C0D33}.Debug|Any CPU.ActiveCfg = Debug|Any CPU
		{B3FD3CFB-F811-4ABF-9B59-00788F0C0D33}.Debug|Any CPU.Build.0 = Debug|Any CPU
		{B3FD3CFB-F811-4ABF-9B59-00788F0C0D33}.Debug|x64.ActiveCfg = Debug|Any CPU
		{B3FD3CFB-F811-4ABF-9B59-00788F0C0D33}.Debug|x64.Build.0 = Debug|Any CPU
		{B3FD3CFB-F811-4ABF-9B59-00788F0C0D33}.Debug|x86.ActiveCfg = Debug|Any CPU
		{B3FD3CFB-F811-4ABF-9B59-00788F0C0D33}.Debug|x86.Build.0 = Debug|Any CPU
		{B3FD3CFB-F811-4ABF-9B59-00788F0C0D33}.Release|Any CPU.ActiveCfg = Release|Any CPU
		{B3FD3CFB-F811-4ABF-9B59-00788F0C0D33}.Release|Any CPU.Build.0 = Release|Any CPU
		{B3FD3CFB-F811-4ABF-9B59-00788F0C0D33}.Release|x64.ActiveCfg = Release|Any CPU
		{B3FD3CFB-F811-4ABF-9B59-00788F0C0D33}.Release|x64.Build.0 = Release|Any CPU
		{B3FD3CFB-F811-4ABF-9B59-00788F0C0D33}.Release|x86.ActiveCfg = Release|Any CPU
		{B3FD3CFB-F811-4ABF-9B59-00788F0C0D33}.Release|x86.Build.0 = Release|Any CPU
		{B0401E1C-DB28-4B6E-9E87-8E1037CAC702}.Debug|Any CPU.ActiveCfg = Debug|Any CPU
		{B0401E1C-DB28-4B6E-9E87-8E1037CAC702}.Debug|Any CPU.Build.0 = Debug|Any CPU
		{B0401E1C-DB28-4B6E-9E87-8E1037CAC702}.Debug|x64.ActiveCfg = Debug|Any CPU
		{B0401E1C-DB28-4B6E-9E87-8E1037CAC702}.Debug|x64.Build.0 = Debug|Any CPU
		{B0401E1C-DB28-4B6E-9E87-8E1037CAC702}.Debug|x86.ActiveCfg = Debug|Any CPU
		{B0401E1C-DB28-4B6E-9E87-8E1037CAC702}.Debug|x86.Build.0 = Debug|Any CPU
		{B0401E1C-DB28-4B6E-9E87-8E1037CAC702}.Release|Any CPU.ActiveCfg = Release|Any CPU
		{B0401E1C-DB28-4B6E-9E87-8E1037CAC702}.Release|Any CPU.Build.0 = Release|Any CPU
		{B0401E1C-DB28-4B6E-9E87-8E1037CAC702}.Release|x64.ActiveCfg = Release|Any CPU
		{B0401E1C-DB28-4B6E-9E87-8E1037CAC702}.Release|x64.Build.0 = Release|Any CPU
		{B0401E1C-DB28-4B6E-9E87-8E1037CAC702}.Release|x86.ActiveCfg = Release|Any CPU
		{B0401E1C-DB28-4B6E-9E87-8E1037CAC702}.Release|x86.Build.0 = Release|Any CPU
		{F16BE776-8DD6-4C8D-8F49-B5FFFD5A2CC7}.Debug|Any CPU.ActiveCfg = Debug|Any CPU
		{F16BE776-8DD6-4C8D-8F49-B5FFFD5A2CC7}.Debug|Any CPU.Build.0 = Debug|Any CPU
		{F16BE776-8DD6-4C8D-8F49-B5FFFD5A2CC7}.Debug|x64.ActiveCfg = Debug|Any CPU
		{F16BE776-8DD6-4C8D-8F49-B5FFFD5A2CC7}.Debug|x64.Build.0 = Debug|Any CPU
		{F16BE776-8DD6-4C8D-8F49-B5FFFD5A2CC7}.Debug|x86.ActiveCfg = Debug|Any CPU
		{F16BE776-8DD6-4C8D-8F49-B5FFFD5A2CC7}.Debug|x86.Build.0 = Debug|Any CPU
		{F16BE776-8DD6-4C8D-8F49-B5FFFD5A2CC7}.Release|Any CPU.ActiveCfg = Release|Any CPU
		{F16BE776-8DD6-4C8D-8F49-B5FFFD5A2CC7}.Release|Any CPU.Build.0 = Release|Any CPU
		{F16BE776-8DD6-4C8D-8F49-B5FFFD5A2CC7}.Release|x64.ActiveCfg = Release|Any CPU
		{F16BE776-8DD6-4C8D-8F49-B5FFFD5A2CC7}.Release|x64.Build.0 = Release|Any CPU
		{F16BE776-8DD6-4C8D-8F49-B5FFFD5A2CC7}.Release|x86.ActiveCfg = Release|Any CPU
		{F16BE776-8DD6-4C8D-8F49-B5FFFD5A2CC7}.Release|x86.Build.0 = Release|Any CPU
		{D5E88B0E-8BE5-422B-9238-24DED550C052}.Debug|Any CPU.ActiveCfg = Debug|Any CPU
		{D5E88B0E-8BE5-422B-9238-24DED550C052}.Debug|Any CPU.Build.0 = Debug|Any CPU
		{D5E88B0E-8BE5-422B-9238-24DED550C052}.Debug|x64.ActiveCfg = Debug|Any CPU
		{D5E88B0E-8BE5-422B-9238-24DED550C052}.Debug|x64.Build.0 = Debug|Any CPU
		{D5E88B0E-8BE5-422B-9238-24DED550C052}.Debug|x86.ActiveCfg = Debug|Any CPU
		{D5E88B0E-8BE5-422B-9238-24DED550C052}.Debug|x86.Build.0 = Debug|Any CPU
		{D5E88B0E-8BE5-422B-9238-24DED550C052}.Release|Any CPU.ActiveCfg = Release|Any CPU
		{D5E88B0E-8BE5-422B-9238-24DED550C052}.Release|Any CPU.Build.0 = Release|Any CPU
		{D5E88B0E-8BE5-422B-9238-24DED550C052}.Release|x64.ActiveCfg = Release|Any CPU
		{D5E88B0E-8BE5-422B-9238-24DED550C052}.Release|x64.Build.0 = Release|Any CPU
		{D5E88B0E-8BE5-422B-9238-24DED550C052}.Release|x86.ActiveCfg = Release|Any CPU
		{D5E88B0E-8BE5-422B-9238-24DED550C052}.Release|x86.Build.0 = Release|Any CPU
		{577B9508-F303-4A6C-A55E-DDE695668DE9}.Debug|Any CPU.ActiveCfg = Debug|Any CPU
		{577B9508-F303-4A6C-A55E-DDE695668DE9}.Debug|Any CPU.Build.0 = Debug|Any CPU
		{577B9508-F303-4A6C-A55E-DDE695668DE9}.Debug|x64.ActiveCfg = Debug|Any CPU
		{577B9508-F303-4A6C-A55E-DDE695668DE9}.Debug|x64.Build.0 = Debug|Any CPU
		{577B9508-F303-4A6C-A55E-DDE695668DE9}.Debug|x86.ActiveCfg = Debug|Any CPU
		{577B9508-F303-4A6C-A55E-DDE695668DE9}.Debug|x86.Build.0 = Debug|Any CPU
		{577B9508-F303-4A6C-A55E-DDE695668DE9}.Release|Any CPU.ActiveCfg = Release|Any CPU
		{577B9508-F303-4A6C-A55E-DDE695668DE9}.Release|Any CPU.Build.0 = Release|Any CPU
		{577B9508-F303-4A6C-A55E-DDE695668DE9}.Release|x64.ActiveCfg = Release|Any CPU
		{577B9508-F303-4A6C-A55E-DDE695668DE9}.Release|x64.Build.0 = Release|Any CPU
		{577B9508-F303-4A6C-A55E-DDE695668DE9}.Release|x86.ActiveCfg = Release|Any CPU
		{577B9508-F303-4A6C-A55E-DDE695668DE9}.Release|x86.Build.0 = Release|Any CPU
		{5DE69222-B5BF-4C28-B81F-AAA4359D8E56}.Debug|Any CPU.ActiveCfg = Debug|Any CPU
		{5DE69222-B5BF-4C28-B81F-AAA4359D8E56}.Debug|Any CPU.Build.0 = Debug|Any CPU
		{5DE69222-B5BF-4C28-B81F-AAA4359D8E56}.Debug|x64.ActiveCfg = Debug|Any CPU
		{5DE69222-B5BF-4C28-B81F-AAA4359D8E56}.Debug|x64.Build.0 = Debug|Any CPU
		{5DE69222-B5BF-4C28-B81F-AAA4359D8E56}.Debug|x86.ActiveCfg = Debug|Any CPU
		{5DE69222-B5BF-4C28-B81F-AAA4359D8E56}.Debug|x86.Build.0 = Debug|Any CPU
		{5DE69222-B5BF-4C28-B81F-AAA4359D8E56}.Release|Any CPU.ActiveCfg = Release|Any CPU
		{5DE69222-B5BF-4C28-B81F-AAA4359D8E56}.Release|Any CPU.Build.0 = Release|Any CPU
		{5DE69222-B5BF-4C28-B81F-AAA4359D8E56}.Release|x64.ActiveCfg = Release|Any CPU
		{5DE69222-B5BF-4C28-B81F-AAA4359D8E56}.Release|x64.Build.0 = Release|Any CPU
		{5DE69222-B5BF-4C28-B81F-AAA4359D8E56}.Release|x86.ActiveCfg = Release|Any CPU
		{5DE69222-B5BF-4C28-B81F-AAA4359D8E56}.Release|x86.Build.0 = Release|Any CPU
		{2490944A-9B96-4A7A-BCD7-3750CA3534EC}.Debug|Any CPU.ActiveCfg = Debug|Any CPU
		{2490944A-9B96-4A7A-BCD7-3750CA3534EC}.Debug|Any CPU.Build.0 = Debug|Any CPU
		{2490944A-9B96-4A7A-BCD7-3750CA3534EC}.Debug|x64.ActiveCfg = Debug|Any CPU
		{2490944A-9B96-4A7A-BCD7-3750CA3534EC}.Debug|x64.Build.0 = Debug|Any CPU
		{2490944A-9B96-4A7A-BCD7-3750CA3534EC}.Debug|x86.ActiveCfg = Debug|Any CPU
		{2490944A-9B96-4A7A-BCD7-3750CA3534EC}.Debug|x86.Build.0 = Debug|Any CPU
		{2490944A-9B96-4A7A-BCD7-3750CA3534EC}.Release|Any CPU.ActiveCfg = Release|Any CPU
		{2490944A-9B96-4A7A-BCD7-3750CA3534EC}.Release|Any CPU.Build.0 = Release|Any CPU
		{2490944A-9B96-4A7A-BCD7-3750CA3534EC}.Release|x64.ActiveCfg = Release|Any CPU
		{2490944A-9B96-4A7A-BCD7-3750CA3534EC}.Release|x64.Build.0 = Release|Any CPU
		{2490944A-9B96-4A7A-BCD7-3750CA3534EC}.Release|x86.ActiveCfg = Release|Any CPU
		{2490944A-9B96-4A7A-BCD7-3750CA3534EC}.Release|x86.Build.0 = Release|Any CPU
		{8097BABA-5956-419A-A609-100791A4E744}.Debug|Any CPU.ActiveCfg = Debug|Any CPU
		{8097BABA-5956-419A-A609-100791A4E744}.Debug|Any CPU.Build.0 = Debug|Any CPU
		{8097BABA-5956-419A-A609-100791A4E744}.Debug|x64.ActiveCfg = Debug|Any CPU
		{8097BABA-5956-419A-A609-100791A4E744}.Debug|x64.Build.0 = Debug|Any CPU
		{8097BABA-5956-419A-A609-100791A4E744}.Debug|x86.ActiveCfg = Debug|Any CPU
		{8097BABA-5956-419A-A609-100791A4E744}.Debug|x86.Build.0 = Debug|Any CPU
		{8097BABA-5956-419A-A609-100791A4E744}.Release|Any CPU.ActiveCfg = Release|Any CPU
		{8097BABA-5956-419A-A609-100791A4E744}.Release|Any CPU.Build.0 = Release|Any CPU
		{8097BABA-5956-419A-A609-100791A4E744}.Release|x64.ActiveCfg = Release|Any CPU
		{8097BABA-5956-419A-A609-100791A4E744}.Release|x64.Build.0 = Release|Any CPU
		{8097BABA-5956-419A-A609-100791A4E744}.Release|x86.ActiveCfg = Release|Any CPU
		{8097BABA-5956-419A-A609-100791A4E744}.Release|x86.Build.0 = Release|Any CPU
		{76D7A155-4E64-4F37-BC21-4FA745143F88}.Debug|Any CPU.ActiveCfg = Debug|Any CPU
		{76D7A155-4E64-4F37-BC21-4FA745143F88}.Debug|Any CPU.Build.0 = Debug|Any CPU
		{76D7A155-4E64-4F37-BC21-4FA745143F88}.Debug|x64.ActiveCfg = Debug|Any CPU
		{76D7A155-4E64-4F37-BC21-4FA745143F88}.Debug|x64.Build.0 = Debug|Any CPU
		{76D7A155-4E64-4F37-BC21-4FA745143F88}.Debug|x86.ActiveCfg = Debug|Any CPU
		{76D7A155-4E64-4F37-BC21-4FA745143F88}.Debug|x86.Build.0 = Debug|Any CPU
		{76D7A155-4E64-4F37-BC21-4FA745143F88}.Release|Any CPU.ActiveCfg = Release|Any CPU
		{76D7A155-4E64-4F37-BC21-4FA745143F88}.Release|Any CPU.Build.0 = Release|Any CPU
		{76D7A155-4E64-4F37-BC21-4FA745143F88}.Release|x64.ActiveCfg = Release|Any CPU
		{76D7A155-4E64-4F37-BC21-4FA745143F88}.Release|x64.Build.0 = Release|Any CPU
		{76D7A155-4E64-4F37-BC21-4FA745143F88}.Release|x86.ActiveCfg = Release|Any CPU
		{76D7A155-4E64-4F37-BC21-4FA745143F88}.Release|x86.Build.0 = Release|Any CPU
		{50DC4AFB-EED0-460F-B74B-34BC5DDF43D3}.Debug|Any CPU.ActiveCfg = Debug|Any CPU
		{50DC4AFB-EED0-460F-B74B-34BC5DDF43D3}.Debug|Any CPU.Build.0 = Debug|Any CPU
		{50DC4AFB-EED0-460F-B74B-34BC5DDF43D3}.Debug|x64.ActiveCfg = Debug|Any CPU
		{50DC4AFB-EED0-460F-B74B-34BC5DDF43D3}.Debug|x64.Build.0 = Debug|Any CPU
		{50DC4AFB-EED0-460F-B74B-34BC5DDF43D3}.Debug|x86.ActiveCfg = Debug|Any CPU
		{50DC4AFB-EED0-460F-B74B-34BC5DDF43D3}.Debug|x86.Build.0 = Debug|Any CPU
		{50DC4AFB-EED0-460F-B74B-34BC5DDF43D3}.Release|Any CPU.ActiveCfg = Release|Any CPU
		{50DC4AFB-EED0-460F-B74B-34BC5DDF43D3}.Release|Any CPU.Build.0 = Release|Any CPU
		{50DC4AFB-EED0-460F-B74B-34BC5DDF43D3}.Release|x64.ActiveCfg = Release|Any CPU
		{50DC4AFB-EED0-460F-B74B-34BC5DDF43D3}.Release|x64.Build.0 = Release|Any CPU
		{50DC4AFB-EED0-460F-B74B-34BC5DDF43D3}.Release|x86.ActiveCfg = Release|Any CPU
		{50DC4AFB-EED0-460F-B74B-34BC5DDF43D3}.Release|x86.Build.0 = Release|Any CPU
		{6DDBE54F-013D-4843-B59A-0D3A51AECD65}.Debug|Any CPU.ActiveCfg = Debug|Any CPU
		{6DDBE54F-013D-4843-B59A-0D3A51AECD65}.Debug|Any CPU.Build.0 = Debug|Any CPU
		{6DDBE54F-013D-4843-B59A-0D3A51AECD65}.Debug|x64.ActiveCfg = Debug|Any CPU
		{6DDBE54F-013D-4843-B59A-0D3A51AECD65}.Debug|x64.Build.0 = Debug|Any CPU
		{6DDBE54F-013D-4843-B59A-0D3A51AECD65}.Debug|x86.ActiveCfg = Debug|Any CPU
		{6DDBE54F-013D-4843-B59A-0D3A51AECD65}.Debug|x86.Build.0 = Debug|Any CPU
		{6DDBE54F-013D-4843-B59A-0D3A51AECD65}.Release|Any CPU.ActiveCfg = Release|Any CPU
		{6DDBE54F-013D-4843-B59A-0D3A51AECD65}.Release|Any CPU.Build.0 = Release|Any CPU
		{6DDBE54F-013D-4843-B59A-0D3A51AECD65}.Release|x64.ActiveCfg = Release|Any CPU
		{6DDBE54F-013D-4843-B59A-0D3A51AECD65}.Release|x64.Build.0 = Release|Any CPU
		{6DDBE54F-013D-4843-B59A-0D3A51AECD65}.Release|x86.ActiveCfg = Release|Any CPU
		{6DDBE54F-013D-4843-B59A-0D3A51AECD65}.Release|x86.Build.0 = Release|Any CPU
		{EB8FD229-1ECC-45D3-80B1-329083F6E4E5}.Debug|Any CPU.ActiveCfg = Debug|Any CPU
		{EB8FD229-1ECC-45D3-80B1-329083F6E4E5}.Debug|Any CPU.Build.0 = Debug|Any CPU
		{EB8FD229-1ECC-45D3-80B1-329083F6E4E5}.Debug|x64.ActiveCfg = Debug|Any CPU
		{EB8FD229-1ECC-45D3-80B1-329083F6E4E5}.Debug|x64.Build.0 = Debug|Any CPU
		{EB8FD229-1ECC-45D3-80B1-329083F6E4E5}.Debug|x86.ActiveCfg = Debug|Any CPU
		{EB8FD229-1ECC-45D3-80B1-329083F6E4E5}.Debug|x86.Build.0 = Debug|Any CPU
		{EB8FD229-1ECC-45D3-80B1-329083F6E4E5}.Release|Any CPU.ActiveCfg = Release|Any CPU
		{EB8FD229-1ECC-45D3-80B1-329083F6E4E5}.Release|Any CPU.Build.0 = Release|Any CPU
		{EB8FD229-1ECC-45D3-80B1-329083F6E4E5}.Release|x64.ActiveCfg = Release|Any CPU
		{EB8FD229-1ECC-45D3-80B1-329083F6E4E5}.Release|x64.Build.0 = Release|Any CPU
		{EB8FD229-1ECC-45D3-80B1-329083F6E4E5}.Release|x86.ActiveCfg = Release|Any CPU
		{EB8FD229-1ECC-45D3-80B1-329083F6E4E5}.Release|x86.Build.0 = Release|Any CPU
		{B51F2C85-2627-4F85-8841-13C37936F6AB}.Debug|Any CPU.ActiveCfg = Debug|Any CPU
		{B51F2C85-2627-4F85-8841-13C37936F6AB}.Debug|Any CPU.Build.0 = Debug|Any CPU
		{B51F2C85-2627-4F85-8841-13C37936F6AB}.Debug|x64.ActiveCfg = Debug|Any CPU
		{B51F2C85-2627-4F85-8841-13C37936F6AB}.Debug|x64.Build.0 = Debug|Any CPU
		{B51F2C85-2627-4F85-8841-13C37936F6AB}.Debug|x86.ActiveCfg = Debug|Any CPU
		{B51F2C85-2627-4F85-8841-13C37936F6AB}.Debug|x86.Build.0 = Debug|Any CPU
		{B51F2C85-2627-4F85-8841-13C37936F6AB}.Release|Any CPU.ActiveCfg = Release|Any CPU
		{B51F2C85-2627-4F85-8841-13C37936F6AB}.Release|Any CPU.Build.0 = Release|Any CPU
		{B51F2C85-2627-4F85-8841-13C37936F6AB}.Release|x64.ActiveCfg = Release|Any CPU
		{B51F2C85-2627-4F85-8841-13C37936F6AB}.Release|x64.Build.0 = Release|Any CPU
		{B51F2C85-2627-4F85-8841-13C37936F6AB}.Release|x86.ActiveCfg = Release|Any CPU
		{B51F2C85-2627-4F85-8841-13C37936F6AB}.Release|x86.Build.0 = Release|Any CPU
		{53295770-B65C-4718-9F38-CA5D74B17FEC}.Debug|Any CPU.ActiveCfg = Debug|Any CPU
		{53295770-B65C-4718-9F38-CA5D74B17FEC}.Debug|Any CPU.Build.0 = Debug|Any CPU
		{53295770-B65C-4718-9F38-CA5D74B17FEC}.Debug|x64.ActiveCfg = Debug|Any CPU
		{53295770-B65C-4718-9F38-CA5D74B17FEC}.Debug|x64.Build.0 = Debug|Any CPU
		{53295770-B65C-4718-9F38-CA5D74B17FEC}.Debug|x86.ActiveCfg = Debug|Any CPU
		{53295770-B65C-4718-9F38-CA5D74B17FEC}.Debug|x86.Build.0 = Debug|Any CPU
		{53295770-B65C-4718-9F38-CA5D74B17FEC}.Release|Any CPU.ActiveCfg = Release|Any CPU
		{53295770-B65C-4718-9F38-CA5D74B17FEC}.Release|Any CPU.Build.0 = Release|Any CPU
		{53295770-B65C-4718-9F38-CA5D74B17FEC}.Release|x64.ActiveCfg = Release|Any CPU
		{53295770-B65C-4718-9F38-CA5D74B17FEC}.Release|x64.Build.0 = Release|Any CPU
		{53295770-B65C-4718-9F38-CA5D74B17FEC}.Release|x86.ActiveCfg = Release|Any CPU
		{53295770-B65C-4718-9F38-CA5D74B17FEC}.Release|x86.Build.0 = Release|Any CPU
		{820F8D86-0F87-4A03-A509-C03BEDC3D7F3}.Debug|Any CPU.ActiveCfg = Debug|Any CPU
		{820F8D86-0F87-4A03-A509-C03BEDC3D7F3}.Debug|Any CPU.Build.0 = Debug|Any CPU
		{820F8D86-0F87-4A03-A509-C03BEDC3D7F3}.Debug|x64.ActiveCfg = Debug|Any CPU
		{820F8D86-0F87-4A03-A509-C03BEDC3D7F3}.Debug|x64.Build.0 = Debug|Any CPU
		{820F8D86-0F87-4A03-A509-C03BEDC3D7F3}.Debug|x86.ActiveCfg = Debug|Any CPU
		{820F8D86-0F87-4A03-A509-C03BEDC3D7F3}.Debug|x86.Build.0 = Debug|Any CPU
		{820F8D86-0F87-4A03-A509-C03BEDC3D7F3}.Release|Any CPU.ActiveCfg = Release|Any CPU
		{820F8D86-0F87-4A03-A509-C03BEDC3D7F3}.Release|Any CPU.Build.0 = Release|Any CPU
		{820F8D86-0F87-4A03-A509-C03BEDC3D7F3}.Release|x64.ActiveCfg = Release|Any CPU
		{820F8D86-0F87-4A03-A509-C03BEDC3D7F3}.Release|x64.Build.0 = Release|Any CPU
		{820F8D86-0F87-4A03-A509-C03BEDC3D7F3}.Release|x86.ActiveCfg = Release|Any CPU
		{820F8D86-0F87-4A03-A509-C03BEDC3D7F3}.Release|x86.Build.0 = Release|Any CPU
		{599C2A23-3753-4690-938E-0B3A02EC9888}.Debug|Any CPU.ActiveCfg = Debug|Any CPU
		{599C2A23-3753-4690-938E-0B3A02EC9888}.Debug|Any CPU.Build.0 = Debug|Any CPU
		{599C2A23-3753-4690-938E-0B3A02EC9888}.Debug|x64.ActiveCfg = Debug|Any CPU
		{599C2A23-3753-4690-938E-0B3A02EC9888}.Debug|x64.Build.0 = Debug|Any CPU
		{599C2A23-3753-4690-938E-0B3A02EC9888}.Debug|x86.ActiveCfg = Debug|Any CPU
		{599C2A23-3753-4690-938E-0B3A02EC9888}.Debug|x86.Build.0 = Debug|Any CPU
		{599C2A23-3753-4690-938E-0B3A02EC9888}.Release|Any CPU.ActiveCfg = Release|Any CPU
		{599C2A23-3753-4690-938E-0B3A02EC9888}.Release|Any CPU.Build.0 = Release|Any CPU
		{599C2A23-3753-4690-938E-0B3A02EC9888}.Release|x64.ActiveCfg = Release|Any CPU
		{599C2A23-3753-4690-938E-0B3A02EC9888}.Release|x64.Build.0 = Release|Any CPU
		{599C2A23-3753-4690-938E-0B3A02EC9888}.Release|x86.ActiveCfg = Release|Any CPU
		{599C2A23-3753-4690-938E-0B3A02EC9888}.Release|x86.Build.0 = Release|Any CPU
		{4E989C07-CFBA-4317-B6E8-D2092DA8F5AD}.Debug|Any CPU.ActiveCfg = Debug|Any CPU
		{4E989C07-CFBA-4317-B6E8-D2092DA8F5AD}.Debug|Any CPU.Build.0 = Debug|Any CPU
		{4E989C07-CFBA-4317-B6E8-D2092DA8F5AD}.Debug|x64.ActiveCfg = Debug|Any CPU
		{4E989C07-CFBA-4317-B6E8-D2092DA8F5AD}.Debug|x64.Build.0 = Debug|Any CPU
		{4E989C07-CFBA-4317-B6E8-D2092DA8F5AD}.Debug|x86.ActiveCfg = Debug|Any CPU
		{4E989C07-CFBA-4317-B6E8-D2092DA8F5AD}.Debug|x86.Build.0 = Debug|Any CPU
		{4E989C07-CFBA-4317-B6E8-D2092DA8F5AD}.Release|Any CPU.ActiveCfg = Release|Any CPU
		{4E989C07-CFBA-4317-B6E8-D2092DA8F5AD}.Release|Any CPU.Build.0 = Release|Any CPU
		{4E989C07-CFBA-4317-B6E8-D2092DA8F5AD}.Release|x64.ActiveCfg = Release|Any CPU
		{4E989C07-CFBA-4317-B6E8-D2092DA8F5AD}.Release|x64.Build.0 = Release|Any CPU
		{4E989C07-CFBA-4317-B6E8-D2092DA8F5AD}.Release|x86.ActiveCfg = Release|Any CPU
		{4E989C07-CFBA-4317-B6E8-D2092DA8F5AD}.Release|x86.Build.0 = Release|Any CPU
		{6907C203-5938-40A7-AADD-F8E61C1D762B}.Debug|Any CPU.ActiveCfg = Debug|Any CPU
		{6907C203-5938-40A7-AADD-F8E61C1D762B}.Debug|Any CPU.Build.0 = Debug|Any CPU
		{6907C203-5938-40A7-AADD-F8E61C1D762B}.Debug|x64.ActiveCfg = Debug|Any CPU
		{6907C203-5938-40A7-AADD-F8E61C1D762B}.Debug|x64.Build.0 = Debug|Any CPU
		{6907C203-5938-40A7-AADD-F8E61C1D762B}.Debug|x86.ActiveCfg = Debug|Any CPU
		{6907C203-5938-40A7-AADD-F8E61C1D762B}.Debug|x86.Build.0 = Debug|Any CPU
		{6907C203-5938-40A7-AADD-F8E61C1D762B}.Release|Any CPU.ActiveCfg = Release|Any CPU
		{6907C203-5938-40A7-AADD-F8E61C1D762B}.Release|Any CPU.Build.0 = Release|Any CPU
		{6907C203-5938-40A7-AADD-F8E61C1D762B}.Release|x64.ActiveCfg = Release|Any CPU
		{6907C203-5938-40A7-AADD-F8E61C1D762B}.Release|x64.Build.0 = Release|Any CPU
		{6907C203-5938-40A7-AADD-F8E61C1D762B}.Release|x86.ActiveCfg = Release|Any CPU
		{6907C203-5938-40A7-AADD-F8E61C1D762B}.Release|x86.Build.0 = Release|Any CPU
		{AE72D3DF-1990-4AE4-B29D-CBACC938B939}.Debug|Any CPU.ActiveCfg = Debug|Any CPU
		{AE72D3DF-1990-4AE4-B29D-CBACC938B939}.Debug|Any CPU.Build.0 = Debug|Any CPU
		{AE72D3DF-1990-4AE4-B29D-CBACC938B939}.Debug|x64.ActiveCfg = Debug|Any CPU
		{AE72D3DF-1990-4AE4-B29D-CBACC938B939}.Debug|x64.Build.0 = Debug|Any CPU
		{AE72D3DF-1990-4AE4-B29D-CBACC938B939}.Debug|x86.ActiveCfg = Debug|Any CPU
		{AE72D3DF-1990-4AE4-B29D-CBACC938B939}.Debug|x86.Build.0 = Debug|Any CPU
		{AE72D3DF-1990-4AE4-B29D-CBACC938B939}.Release|Any CPU.ActiveCfg = Release|Any CPU
		{AE72D3DF-1990-4AE4-B29D-CBACC938B939}.Release|Any CPU.Build.0 = Release|Any CPU
		{AE72D3DF-1990-4AE4-B29D-CBACC938B939}.Release|x64.ActiveCfg = Release|Any CPU
		{AE72D3DF-1990-4AE4-B29D-CBACC938B939}.Release|x64.Build.0 = Release|Any CPU
		{AE72D3DF-1990-4AE4-B29D-CBACC938B939}.Release|x86.ActiveCfg = Release|Any CPU
		{AE72D3DF-1990-4AE4-B29D-CBACC938B939}.Release|x86.Build.0 = Release|Any CPU
		{6E315266-F28C-4705-BD52-A4867EA9C029}.Debug|Any CPU.ActiveCfg = Debug|Any CPU
		{6E315266-F28C-4705-BD52-A4867EA9C029}.Debug|Any CPU.Build.0 = Debug|Any CPU
		{6E315266-F28C-4705-BD52-A4867EA9C029}.Debug|x64.ActiveCfg = Debug|Any CPU
		{6E315266-F28C-4705-BD52-A4867EA9C029}.Debug|x64.Build.0 = Debug|Any CPU
		{6E315266-F28C-4705-BD52-A4867EA9C029}.Debug|x86.ActiveCfg = Debug|Any CPU
		{6E315266-F28C-4705-BD52-A4867EA9C029}.Debug|x86.Build.0 = Debug|Any CPU
		{6E315266-F28C-4705-BD52-A4867EA9C029}.Release|Any CPU.ActiveCfg = Release|Any CPU
		{6E315266-F28C-4705-BD52-A4867EA9C029}.Release|Any CPU.Build.0 = Release|Any CPU
		{6E315266-F28C-4705-BD52-A4867EA9C029}.Release|x64.ActiveCfg = Release|Any CPU
		{6E315266-F28C-4705-BD52-A4867EA9C029}.Release|x64.Build.0 = Release|Any CPU
		{6E315266-F28C-4705-BD52-A4867EA9C029}.Release|x86.ActiveCfg = Release|Any CPU
		{6E315266-F28C-4705-BD52-A4867EA9C029}.Release|x86.Build.0 = Release|Any CPU
		{A7E356AE-928E-4FDC-8132-1BDF7754E00F}.Debug|Any CPU.ActiveCfg = Debug|Any CPU
		{A7E356AE-928E-4FDC-8132-1BDF7754E00F}.Debug|Any CPU.Build.0 = Debug|Any CPU
		{A7E356AE-928E-4FDC-8132-1BDF7754E00F}.Debug|x64.ActiveCfg = Debug|Any CPU
		{A7E356AE-928E-4FDC-8132-1BDF7754E00F}.Debug|x64.Build.0 = Debug|Any CPU
		{A7E356AE-928E-4FDC-8132-1BDF7754E00F}.Debug|x86.ActiveCfg = Debug|Any CPU
		{A7E356AE-928E-4FDC-8132-1BDF7754E00F}.Debug|x86.Build.0 = Debug|Any CPU
		{A7E356AE-928E-4FDC-8132-1BDF7754E00F}.Release|Any CPU.ActiveCfg = Release|Any CPU
		{A7E356AE-928E-4FDC-8132-1BDF7754E00F}.Release|Any CPU.Build.0 = Release|Any CPU
		{A7E356AE-928E-4FDC-8132-1BDF7754E00F}.Release|x64.ActiveCfg = Release|Any CPU
		{A7E356AE-928E-4FDC-8132-1BDF7754E00F}.Release|x64.Build.0 = Release|Any CPU
		{A7E356AE-928E-4FDC-8132-1BDF7754E00F}.Release|x86.ActiveCfg = Release|Any CPU
		{A7E356AE-928E-4FDC-8132-1BDF7754E00F}.Release|x86.Build.0 = Release|Any CPU
		{EEFB15B7-4076-479A-88E3-D215D3693692}.Debug|Any CPU.ActiveCfg = Debug|Any CPU
		{EEFB15B7-4076-479A-88E3-D215D3693692}.Debug|Any CPU.Build.0 = Debug|Any CPU
		{EEFB15B7-4076-479A-88E3-D215D3693692}.Debug|x64.ActiveCfg = Debug|Any CPU
		{EEFB15B7-4076-479A-88E3-D215D3693692}.Debug|x64.Build.0 = Debug|Any CPU
		{EEFB15B7-4076-479A-88E3-D215D3693692}.Debug|x86.ActiveCfg = Debug|Any CPU
		{EEFB15B7-4076-479A-88E3-D215D3693692}.Debug|x86.Build.0 = Debug|Any CPU
		{EEFB15B7-4076-479A-88E3-D215D3693692}.Release|Any CPU.ActiveCfg = Release|Any CPU
		{EEFB15B7-4076-479A-88E3-D215D3693692}.Release|Any CPU.Build.0 = Release|Any CPU
		{EEFB15B7-4076-479A-88E3-D215D3693692}.Release|x64.ActiveCfg = Release|Any CPU
		{EEFB15B7-4076-479A-88E3-D215D3693692}.Release|x64.Build.0 = Release|Any CPU
		{EEFB15B7-4076-479A-88E3-D215D3693692}.Release|x86.ActiveCfg = Release|Any CPU
		{EEFB15B7-4076-479A-88E3-D215D3693692}.Release|x86.Build.0 = Release|Any CPU
		{3BFFB4C0-56B1-4184-BE1E-A21CE909B09A}.Debug|Any CPU.ActiveCfg = Debug|Any CPU
		{3BFFB4C0-56B1-4184-BE1E-A21CE909B09A}.Debug|Any CPU.Build.0 = Debug|Any CPU
		{3BFFB4C0-56B1-4184-BE1E-A21CE909B09A}.Debug|x64.ActiveCfg = Debug|Any CPU
		{3BFFB4C0-56B1-4184-BE1E-A21CE909B09A}.Debug|x64.Build.0 = Debug|Any CPU
		{3BFFB4C0-56B1-4184-BE1E-A21CE909B09A}.Debug|x86.ActiveCfg = Debug|Any CPU
		{3BFFB4C0-56B1-4184-BE1E-A21CE909B09A}.Debug|x86.Build.0 = Debug|Any CPU
		{3BFFB4C0-56B1-4184-BE1E-A21CE909B09A}.Release|Any CPU.ActiveCfg = Release|Any CPU
		{3BFFB4C0-56B1-4184-BE1E-A21CE909B09A}.Release|Any CPU.Build.0 = Release|Any CPU
		{3BFFB4C0-56B1-4184-BE1E-A21CE909B09A}.Release|x64.ActiveCfg = Release|Any CPU
		{3BFFB4C0-56B1-4184-BE1E-A21CE909B09A}.Release|x64.Build.0 = Release|Any CPU
		{3BFFB4C0-56B1-4184-BE1E-A21CE909B09A}.Release|x86.ActiveCfg = Release|Any CPU
		{3BFFB4C0-56B1-4184-BE1E-A21CE909B09A}.Release|x86.Build.0 = Release|Any CPU
		{12E76E15-4FD2-4112-899B-AB80BDF704DF}.Debug|Any CPU.ActiveCfg = Debug|Any CPU
		{12E76E15-4FD2-4112-899B-AB80BDF704DF}.Debug|Any CPU.Build.0 = Debug|Any CPU
		{12E76E15-4FD2-4112-899B-AB80BDF704DF}.Debug|x64.ActiveCfg = Debug|Any CPU
		{12E76E15-4FD2-4112-899B-AB80BDF704DF}.Debug|x64.Build.0 = Debug|Any CPU
		{12E76E15-4FD2-4112-899B-AB80BDF704DF}.Debug|x86.ActiveCfg = Debug|Any CPU
		{12E76E15-4FD2-4112-899B-AB80BDF704DF}.Debug|x86.Build.0 = Debug|Any CPU
		{12E76E15-4FD2-4112-899B-AB80BDF704DF}.Release|Any CPU.ActiveCfg = Release|Any CPU
		{12E76E15-4FD2-4112-899B-AB80BDF704DF}.Release|Any CPU.Build.0 = Release|Any CPU
		{12E76E15-4FD2-4112-899B-AB80BDF704DF}.Release|x64.ActiveCfg = Release|Any CPU
		{12E76E15-4FD2-4112-899B-AB80BDF704DF}.Release|x64.Build.0 = Release|Any CPU
		{12E76E15-4FD2-4112-899B-AB80BDF704DF}.Release|x86.ActiveCfg = Release|Any CPU
		{12E76E15-4FD2-4112-899B-AB80BDF704DF}.Release|x86.Build.0 = Release|Any CPU
		{10765B7E-154D-4D23-93AD-9C3E6A1959A0}.Debug|Any CPU.ActiveCfg = Debug|Any CPU
		{10765B7E-154D-4D23-93AD-9C3E6A1959A0}.Debug|Any CPU.Build.0 = Debug|Any CPU
		{10765B7E-154D-4D23-93AD-9C3E6A1959A0}.Debug|x64.ActiveCfg = Debug|Any CPU
		{10765B7E-154D-4D23-93AD-9C3E6A1959A0}.Debug|x64.Build.0 = Debug|Any CPU
		{10765B7E-154D-4D23-93AD-9C3E6A1959A0}.Debug|x86.ActiveCfg = Debug|Any CPU
		{10765B7E-154D-4D23-93AD-9C3E6A1959A0}.Debug|x86.Build.0 = Debug|Any CPU
		{10765B7E-154D-4D23-93AD-9C3E6A1959A0}.Release|Any CPU.ActiveCfg = Release|Any CPU
		{10765B7E-154D-4D23-93AD-9C3E6A1959A0}.Release|Any CPU.Build.0 = Release|Any CPU
		{10765B7E-154D-4D23-93AD-9C3E6A1959A0}.Release|x64.ActiveCfg = Release|Any CPU
		{10765B7E-154D-4D23-93AD-9C3E6A1959A0}.Release|x64.Build.0 = Release|Any CPU
		{10765B7E-154D-4D23-93AD-9C3E6A1959A0}.Release|x86.ActiveCfg = Release|Any CPU
		{10765B7E-154D-4D23-93AD-9C3E6A1959A0}.Release|x86.Build.0 = Release|Any CPU
		{F6713E4A-819F-4C9A-A9B2-47601C02612C}.Debug|Any CPU.ActiveCfg = Debug|Any CPU
		{F6713E4A-819F-4C9A-A9B2-47601C02612C}.Debug|Any CPU.Build.0 = Debug|Any CPU
		{F6713E4A-819F-4C9A-A9B2-47601C02612C}.Debug|x64.ActiveCfg = Debug|Any CPU
		{F6713E4A-819F-4C9A-A9B2-47601C02612C}.Debug|x64.Build.0 = Debug|Any CPU
		{F6713E4A-819F-4C9A-A9B2-47601C02612C}.Debug|x86.ActiveCfg = Debug|Any CPU
		{F6713E4A-819F-4C9A-A9B2-47601C02612C}.Debug|x86.Build.0 = Debug|Any CPU
		{F6713E4A-819F-4C9A-A9B2-47601C02612C}.Release|Any CPU.ActiveCfg = Release|Any CPU
		{F6713E4A-819F-4C9A-A9B2-47601C02612C}.Release|Any CPU.Build.0 = Release|Any CPU
		{F6713E4A-819F-4C9A-A9B2-47601C02612C}.Release|x64.ActiveCfg = Release|Any CPU
		{F6713E4A-819F-4C9A-A9B2-47601C02612C}.Release|x64.Build.0 = Release|Any CPU
		{F6713E4A-819F-4C9A-A9B2-47601C02612C}.Release|x86.ActiveCfg = Release|Any CPU
		{F6713E4A-819F-4C9A-A9B2-47601C02612C}.Release|x86.Build.0 = Release|Any CPU
		{88376049-9B68-4CA8-8A47-49988CB4CDB8}.Debug|Any CPU.ActiveCfg = Debug|Any CPU
		{88376049-9B68-4CA8-8A47-49988CB4CDB8}.Debug|Any CPU.Build.0 = Debug|Any CPU
		{88376049-9B68-4CA8-8A47-49988CB4CDB8}.Debug|x64.ActiveCfg = Debug|Any CPU
		{88376049-9B68-4CA8-8A47-49988CB4CDB8}.Debug|x64.Build.0 = Debug|Any CPU
		{88376049-9B68-4CA8-8A47-49988CB4CDB8}.Debug|x86.ActiveCfg = Debug|Any CPU
		{88376049-9B68-4CA8-8A47-49988CB4CDB8}.Debug|x86.Build.0 = Debug|Any CPU
		{88376049-9B68-4CA8-8A47-49988CB4CDB8}.Release|Any CPU.ActiveCfg = Release|Any CPU
		{88376049-9B68-4CA8-8A47-49988CB4CDB8}.Release|Any CPU.Build.0 = Release|Any CPU
		{88376049-9B68-4CA8-8A47-49988CB4CDB8}.Release|x64.ActiveCfg = Release|Any CPU
		{88376049-9B68-4CA8-8A47-49988CB4CDB8}.Release|x64.Build.0 = Release|Any CPU
		{88376049-9B68-4CA8-8A47-49988CB4CDB8}.Release|x86.ActiveCfg = Release|Any CPU
		{88376049-9B68-4CA8-8A47-49988CB4CDB8}.Release|x86.Build.0 = Release|Any CPU
		{8F5BD818-55C6-4A98-986F-DF3CF240FB9C}.Debug|Any CPU.ActiveCfg = Debug|Any CPU
		{8F5BD818-55C6-4A98-986F-DF3CF240FB9C}.Debug|Any CPU.Build.0 = Debug|Any CPU
		{8F5BD818-55C6-4A98-986F-DF3CF240FB9C}.Debug|x64.ActiveCfg = Debug|Any CPU
		{8F5BD818-55C6-4A98-986F-DF3CF240FB9C}.Debug|x64.Build.0 = Debug|Any CPU
		{8F5BD818-55C6-4A98-986F-DF3CF240FB9C}.Debug|x86.ActiveCfg = Debug|Any CPU
		{8F5BD818-55C6-4A98-986F-DF3CF240FB9C}.Debug|x86.Build.0 = Debug|Any CPU
		{8F5BD818-55C6-4A98-986F-DF3CF240FB9C}.Release|Any CPU.ActiveCfg = Release|Any CPU
		{8F5BD818-55C6-4A98-986F-DF3CF240FB9C}.Release|Any CPU.Build.0 = Release|Any CPU
		{8F5BD818-55C6-4A98-986F-DF3CF240FB9C}.Release|x64.ActiveCfg = Release|Any CPU
		{8F5BD818-55C6-4A98-986F-DF3CF240FB9C}.Release|x64.Build.0 = Release|Any CPU
		{8F5BD818-55C6-4A98-986F-DF3CF240FB9C}.Release|x86.ActiveCfg = Release|Any CPU
		{8F5BD818-55C6-4A98-986F-DF3CF240FB9C}.Release|x86.Build.0 = Release|Any CPU
		{6285817D-9548-48FB-AA80-FBA86851AAEF}.Debug|Any CPU.ActiveCfg = Debug|Any CPU
		{6285817D-9548-48FB-AA80-FBA86851AAEF}.Debug|Any CPU.Build.0 = Debug|Any CPU
		{6285817D-9548-48FB-AA80-FBA86851AAEF}.Debug|x64.ActiveCfg = Debug|Any CPU
		{6285817D-9548-48FB-AA80-FBA86851AAEF}.Debug|x64.Build.0 = Debug|Any CPU
		{6285817D-9548-48FB-AA80-FBA86851AAEF}.Debug|x86.ActiveCfg = Debug|Any CPU
		{6285817D-9548-48FB-AA80-FBA86851AAEF}.Debug|x86.Build.0 = Debug|Any CPU
		{6285817D-9548-48FB-AA80-FBA86851AAEF}.Release|Any CPU.ActiveCfg = Release|Any CPU
		{6285817D-9548-48FB-AA80-FBA86851AAEF}.Release|Any CPU.Build.0 = Release|Any CPU
		{6285817D-9548-48FB-AA80-FBA86851AAEF}.Release|x64.ActiveCfg = Release|Any CPU
		{6285817D-9548-48FB-AA80-FBA86851AAEF}.Release|x64.Build.0 = Release|Any CPU
		{6285817D-9548-48FB-AA80-FBA86851AAEF}.Release|x86.ActiveCfg = Release|Any CPU
		{6285817D-9548-48FB-AA80-FBA86851AAEF}.Release|x86.Build.0 = Release|Any CPU
		{6749FB40-849A-48D4-8CB0-BACF95394172}.Debug|Any CPU.ActiveCfg = Debug|Any CPU
		{6749FB40-849A-48D4-8CB0-BACF95394172}.Debug|Any CPU.Build.0 = Debug|Any CPU
		{6749FB40-849A-48D4-8CB0-BACF95394172}.Debug|x64.ActiveCfg = Debug|Any CPU
		{6749FB40-849A-48D4-8CB0-BACF95394172}.Debug|x64.Build.0 = Debug|Any CPU
		{6749FB40-849A-48D4-8CB0-BACF95394172}.Debug|x86.ActiveCfg = Debug|Any CPU
		{6749FB40-849A-48D4-8CB0-BACF95394172}.Debug|x86.Build.0 = Debug|Any CPU
		{6749FB40-849A-48D4-8CB0-BACF95394172}.Release|Any CPU.ActiveCfg = Release|Any CPU
		{6749FB40-849A-48D4-8CB0-BACF95394172}.Release|Any CPU.Build.0 = Release|Any CPU
		{6749FB40-849A-48D4-8CB0-BACF95394172}.Release|x64.ActiveCfg = Release|Any CPU
		{6749FB40-849A-48D4-8CB0-BACF95394172}.Release|x64.Build.0 = Release|Any CPU
		{6749FB40-849A-48D4-8CB0-BACF95394172}.Release|x86.ActiveCfg = Release|Any CPU
		{6749FB40-849A-48D4-8CB0-BACF95394172}.Release|x86.Build.0 = Release|Any CPU
		{83C7F2B6-2881-47CF-B543-7DFCDC4E93C1}.Debug|Any CPU.ActiveCfg = Debug|Any CPU
		{83C7F2B6-2881-47CF-B543-7DFCDC4E93C1}.Debug|Any CPU.Build.0 = Debug|Any CPU
		{83C7F2B6-2881-47CF-B543-7DFCDC4E93C1}.Debug|x64.ActiveCfg = Debug|Any CPU
		{83C7F2B6-2881-47CF-B543-7DFCDC4E93C1}.Debug|x64.Build.0 = Debug|Any CPU
		{83C7F2B6-2881-47CF-B543-7DFCDC4E93C1}.Debug|x86.ActiveCfg = Debug|Any CPU
		{83C7F2B6-2881-47CF-B543-7DFCDC4E93C1}.Debug|x86.Build.0 = Debug|Any CPU
		{83C7F2B6-2881-47CF-B543-7DFCDC4E93C1}.Release|Any CPU.ActiveCfg = Release|Any CPU
		{83C7F2B6-2881-47CF-B543-7DFCDC4E93C1}.Release|Any CPU.Build.0 = Release|Any CPU
		{83C7F2B6-2881-47CF-B543-7DFCDC4E93C1}.Release|x64.ActiveCfg = Release|Any CPU
		{83C7F2B6-2881-47CF-B543-7DFCDC4E93C1}.Release|x64.Build.0 = Release|Any CPU
		{83C7F2B6-2881-47CF-B543-7DFCDC4E93C1}.Release|x86.ActiveCfg = Release|Any CPU
		{83C7F2B6-2881-47CF-B543-7DFCDC4E93C1}.Release|x86.Build.0 = Release|Any CPU
		{63DEE00D-AB68-42E4-83F1-63EB84E7A94C}.Debug|Any CPU.ActiveCfg = Debug|Any CPU
		{63DEE00D-AB68-42E4-83F1-63EB84E7A94C}.Debug|Any CPU.Build.0 = Debug|Any CPU
		{63DEE00D-AB68-42E4-83F1-63EB84E7A94C}.Debug|x64.ActiveCfg = Debug|Any CPU
		{63DEE00D-AB68-42E4-83F1-63EB84E7A94C}.Debug|x64.Build.0 = Debug|Any CPU
		{63DEE00D-AB68-42E4-83F1-63EB84E7A94C}.Debug|x86.ActiveCfg = Debug|Any CPU
		{63DEE00D-AB68-42E4-83F1-63EB84E7A94C}.Debug|x86.Build.0 = Debug|Any CPU
		{63DEE00D-AB68-42E4-83F1-63EB84E7A94C}.Release|Any CPU.ActiveCfg = Release|Any CPU
		{63DEE00D-AB68-42E4-83F1-63EB84E7A94C}.Release|Any CPU.Build.0 = Release|Any CPU
		{63DEE00D-AB68-42E4-83F1-63EB84E7A94C}.Release|x64.ActiveCfg = Release|Any CPU
		{63DEE00D-AB68-42E4-83F1-63EB84E7A94C}.Release|x64.Build.0 = Release|Any CPU
		{63DEE00D-AB68-42E4-83F1-63EB84E7A94C}.Release|x86.ActiveCfg = Release|Any CPU
		{63DEE00D-AB68-42E4-83F1-63EB84E7A94C}.Release|x86.Build.0 = Release|Any CPU
	EndGlobalSection
	GlobalSection(SolutionProperties) = preSolution
		HideSolutionNode = FALSE
	EndGlobalSection
	GlobalSection(NestedProjects) = preSolution
		{C8E42992-5E42-0C2B-DBFE-AA848D06431C} = {827E0CD3-B72D-47B6-A68D-7590B98EB39B}
		{349E85F2-E2A8-4721-9019-45F1A333DC24} = {C8E42992-5E42-0C2B-DBFE-AA848D06431C}
		{984BB9B3-3FA3-BE33-9484-CAC21695A33C} = {827E0CD3-B72D-47B6-A68D-7590B98EB39B}
		{1BFC9479-12BF-35C3-06B8-42D89D95092B} = {984BB9B3-3FA3-BE33-9484-CAC21695A33C}
		{5A439877-F07B-4676-8565-0055C7CC4946} = {1BFC9479-12BF-35C3-06B8-42D89D95092B}
		{08D51BC1-8D78-43F3-8E4C-470BC200141B} = {1BFC9479-12BF-35C3-06B8-42D89D95092B}
		{4FC907BA-7B57-4026-B975-E6E1BD798588} = {1BFC9479-12BF-35C3-06B8-42D89D95092B}
		{DF93AF3A-A345-4C7F-BEDD-55D53DE03835} = {1BFC9479-12BF-35C3-06B8-42D89D95092B}
		{C91C1CF1-1625-0789-F869-53D87D6277BA} = {984BB9B3-3FA3-BE33-9484-CAC21695A33C}
		{9CE2E06D-697E-465E-8432-6CED0920FDAE} = {C91C1CF1-1625-0789-F869-53D87D6277BA}
		{8C87D824-BDED-43DB-9DED-3120046191BA} = {C91C1CF1-1625-0789-F869-53D87D6277BA}
		{B11F13CB-A6C9-4F3F-8918-73CDF35651BB} = {C91C1CF1-1625-0789-F869-53D87D6277BA}
		{43F355F3-7683-44A9-BBAA-D161E54A9D59} = {C91C1CF1-1625-0789-F869-53D87D6277BA}
		{53A5E032-9A5F-5C5F-4C24-3FD98F4CF9B3} = {984BB9B3-3FA3-BE33-9484-CAC21695A33C}
		{B3FD3CFB-F811-4ABF-9B59-00788F0C0D33} = {53A5E032-9A5F-5C5F-4C24-3FD98F4CF9B3}
		{B0401E1C-DB28-4B6E-9E87-8E1037CAC702} = {53A5E032-9A5F-5C5F-4C24-3FD98F4CF9B3}
		{F16BE776-8DD6-4C8D-8F49-B5FFFD5A2CC7} = {53A5E032-9A5F-5C5F-4C24-3FD98F4CF9B3}
		{D5E88B0E-8BE5-422B-9238-24DED550C052} = {53A5E032-9A5F-5C5F-4C24-3FD98F4CF9B3}
		{CA15E31E-CB60-F235-5CDF-2E527A86A72C} = {984BB9B3-3FA3-BE33-9484-CAC21695A33C}
		{577B9508-F303-4A6C-A55E-DDE695668DE9} = {CA15E31E-CB60-F235-5CDF-2E527A86A72C}
		{5DE69222-B5BF-4C28-B81F-AAA4359D8E56} = {CA15E31E-CB60-F235-5CDF-2E527A86A72C}
		{2490944A-9B96-4A7A-BCD7-3750CA3534EC} = {CA15E31E-CB60-F235-5CDF-2E527A86A72C}
		{8097BABA-5956-419A-A609-100791A4E744} = {CA15E31E-CB60-F235-5CDF-2E527A86A72C}
		{5D0AC027-C8EE-3244-A029-36278C99F1B8} = {984BB9B3-3FA3-BE33-9484-CAC21695A33C}
		{76D7A155-4E64-4F37-BC21-4FA745143F88} = {5D0AC027-C8EE-3244-A029-36278C99F1B8}
		{50DC4AFB-EED0-460F-B74B-34BC5DDF43D3} = {5D0AC027-C8EE-3244-A029-36278C99F1B8}
		{6DDBE54F-013D-4843-B59A-0D3A51AECD65} = {5D0AC027-C8EE-3244-A029-36278C99F1B8}
		{EB8FD229-1ECC-45D3-80B1-329083F6E4E5} = {5D0AC027-C8EE-3244-A029-36278C99F1B8}
		{40B59F69-022F-A9EE-E3B7-096C1E81294B} = {984BB9B3-3FA3-BE33-9484-CAC21695A33C}
		{B51F2C85-2627-4F85-8841-13C37936F6AB} = {40B59F69-022F-A9EE-E3B7-096C1E81294B}
		{53295770-B65C-4718-9F38-CA5D74B17FEC} = {40B59F69-022F-A9EE-E3B7-096C1E81294B}
		{820F8D86-0F87-4A03-A509-C03BEDC3D7F3} = {40B59F69-022F-A9EE-E3B7-096C1E81294B}
		{599C2A23-3753-4690-938E-0B3A02EC9888} = {40B59F69-022F-A9EE-E3B7-096C1E81294B}
		{40D82F4B-B633-3F95-724A-860306E6F4AA} = {984BB9B3-3FA3-BE33-9484-CAC21695A33C}
		{4E989C07-CFBA-4317-B6E8-D2092DA8F5AD} = {40D82F4B-B633-3F95-724A-860306E6F4AA}
		{6907C203-5938-40A7-AADD-F8E61C1D762B} = {0AB3BF05-4346-4AA6-1389-037BE0695223}
		{AE72D3DF-1990-4AE4-B29D-CBACC938B939} = {0AB3BF05-4346-4AA6-1389-037BE0695223}
		{6E315266-F28C-4705-BD52-A4867EA9C029} = {0AB3BF05-4346-4AA6-1389-037BE0695223}
		{A7E356AE-928E-4FDC-8132-1BDF7754E00F} = {0AB3BF05-4346-4AA6-1389-037BE0695223}
		{EEFB15B7-4076-479A-88E3-D215D3693692} = {0AB3BF05-4346-4AA6-1389-037BE0695223}
		{3BFFB4C0-56B1-4184-BE1E-A21CE909B09A} = {0AB3BF05-4346-4AA6-1389-037BE0695223}
		{30785934-E017-5D9F-2777-3D61460A5281} = {0AB3BF05-4346-4AA6-1389-037BE0695223}
		{12E76E15-4FD2-4112-899B-AB80BDF704DF} = {30785934-E017-5D9F-2777-3D61460A5281}
		{10765B7E-154D-4D23-93AD-9C3E6A1959A0} = {30785934-E017-5D9F-2777-3D61460A5281}
		{F6713E4A-819F-4C9A-A9B2-47601C02612C} = {30785934-E017-5D9F-2777-3D61460A5281}
		{88376049-9B68-4CA8-8A47-49988CB4CDB8} = {30785934-E017-5D9F-2777-3D61460A5281}
		{8F5BD818-55C6-4A98-986F-DF3CF240FB9C} = {30785934-E017-5D9F-2777-3D61460A5281}
		{6285817D-9548-48FB-AA80-FBA86851AAEF} = {30785934-E017-5D9F-2777-3D61460A5281}
		{6749FB40-849A-48D4-8CB0-BACF95394172} = {30785934-E017-5D9F-2777-3D61460A5281}
		{83C7F2B6-2881-47CF-B543-7DFCDC4E93C1} = {30785934-E017-5D9F-2777-3D61460A5281}
		{63DEE00D-AB68-42E4-83F1-63EB84E7A94C} = {C8E42992-5E42-0C2B-DBFE-AA848D06431C}
	EndGlobalSection
EndGlobal
